// !$*UTF8*$!
{
	archiveVersion = 1;
	classes = {
	};
	objectVersion = 56;
	objects = {

/* Begin PBXBuildFile section */
		A20000000000000000000001 = {isa = PBXBuildFile; fileRef = A10000000000000000000001; };
		A20000000000000000000002 = {isa = PBXBuildFile; fileRef = A10000000000000000000002; };
		A20000000000000000000003 = {isa = PBXBuildFile; fileRef = A10000000000000000000003; };
		A20000000000000000000004 = {isa = PBXBuildFile; fileRef = A10000000000000000000004; };
		A20000000000000000000005 = {isa = PBXBuildFile; fileRef = A10000000000000000000005; };
		A20000000000000000000006 = {isa = PBXBuildFile; fileRef = A10000000000000000000006; };
		A20000000000000000000007 = {isa = PBXBuildFile; fileRef = A10000000000000000000007; };
		A20000000000000000000008 = {isa = PBXBuildFile; fileRef = A10000000000000000000008; };
		A20000000000000000000009 = {isa = PBXBuildFile; fileRef = A10000000000000000000009; };
		A20000000000000000000010 = {isa = PBXBuildFile; fileRef = A10000000000000000000010; };
		A20000000000000000000011 = {isa = PBXBuildFile; fileRef = A10000000000000000000011; };
		A20000000000000000000012 = {isa = PBXBuildFile; fileRef = A10000000000000000000012; };
		A20000000000000000000013 = {isa = PBXBuildFile; fileRef = A10000000000000000000013; };
		A20000000000000000000014 = {isa = PBXBuildFile; fileRef = A10000000000000000000014; };
		A20000000000000000000015 = {isa = PBXBuildFile; fileRef = A10000000000000000000015; };
		A20000000000000000000016 = {isa = PBXBuildFile; fileRef = A10000000000000000000016; };
		A20000000000000000000017 = {isa = PBXBuildFile; fileRef = A10000000000000000000017; };
		A20000000000000000000018 = {isa = PBXBuildFile; fileRef = A10000000000000000000018; };
		A20000000000000000000019 = {isa = PBXBuildFile; fileRef = A10000000000000000000019; };
		A20000000000000000000020 = {isa = PBXBuildFile; fileRef = A10000000000000000000020; };
		A20000000000000000000021 = {isa = PBXBuildFile; fileRef = A10000000000000000000021; };
		A20000000000000000000022 = {isa = PBXBuildFile; fileRef = A10000000000000000000022; };
		A20000000000000000000023 = {isa = PBXBuildFile; fileRef = A10000000000000000000023; };
		A20000000000000000000024 = {isa = PBXBuildFile; fileRef = A10000000000000000000024; };
		A20000000000000000000025 = {isa = PBXBuildFile; fileRef = A10000000000000000000025; };
		A20000000000000000000026 = {isa = PBXBuildFile; fileRef = A10000000000000000000026; };
		A20000000000000000000027 = {isa = PBXBuildFile; fileRef = A10000000000000000000027; };
/* End PBXBuildFile section */

/* Begin PBXContainerItemProxy section */
		A50000000000000000000011 = {
			isa = PBXContainerItemProxy;
			containerPortal = A40000000000000000000041;
			proxyType = 1;
			remoteGlobalIDString = A40000000000000000000011;
			remoteInfo = ChenYuanSite;
		};
		A50000000000000000000014 = {
			isa = PBXContainerItemProxy;
			containerPortal = A40000000000000000000041;
			proxyType = 1;
			remoteGlobalIDString = A40000000000000000000011;
			remoteInfo = ChenYuanSite;
		};
/* End PBXContainerItemProxy section */

/* Begin PBXTargetDependency section */
		A50000000000000000000012 = {
			isa = PBXTargetDependency;
			target = A40000000000000000000011;
			targetProxy = A50000000000000000000011;
		};
		A50000000000000000000013 = {
			isa = PBXTargetDependency;
			target = A40000000000000000000011;
			targetProxy = A50000000000000000000014;
		};
/* End PBXTargetDependency section */

/* Begin PBXFileReference section */
		A10000000000000000000001 = {isa = PBXFileReference; lastKnownFileType = sourcecode.swift; path = ChenYuanSiteApp.swift; sourceTree = "<group>"; };
		A10000000000000000000002 = {isa = PBXFileReference; lastKnownFileType = sourcecode.swift; path = AppEnvironment.swift; sourceTree = "<group>"; };
		A10000000000000000000003 = {isa = PBXFileReference; lastKnownFileType = sourcecode.swift; path = Models.swift; sourceTree = "<group>"; };
		A10000000000000000000004 = {isa = PBXFileReference; lastKnownFileType = sourcecode.swift; path = SiteAPI.swift; sourceTree = "<group>"; };
		A10000000000000000000005 = {isa = PBXFileReference; lastKnownFileType = sourcecode.swift; path = PagedFeed.swift; sourceTree = "<group>"; };
		A10000000000000000000006 = {isa = PBXFileReference; lastKnownFileType = sourcecode.swift; path = AskClient.swift; sourceTree = "<group>"; };
		A10000000000000000000007 = {isa = PBXFileReference; lastKnownFileType = sourcecode.swift; path = AskController.swift; sourceTree = "<group>"; };
		A10000000000000000000008 = {isa = PBXFileReference; lastKnownFileType = sourcecode.swift; path = EntryHolder.swift; sourceTree = "<group>"; };
		A10000000000000000000009 = {isa = PBXFileReference; lastKnownFileType = sourcecode.swift; path = Theme.swift; sourceTree = "<group>"; };
		A10000000000000000000010 = {isa = PBXFileReference; lastKnownFileType = sourcecode.swift; path = RootView.swift; sourceTree = "<group>"; };
		A10000000000000000000011 = {isa = PBXFileReference; lastKnownFileType = sourcecode.swift; path = OpeningView.swift; sourceTree = "<group>"; };
		A10000000000000000000012 = {isa = PBXFileReference; lastKnownFileType = sourcecode.swift; path = Components.swift; sourceTree = "<group>"; };
		A10000000000000000000013 = {isa = PBXFileReference; lastKnownFileType = sourcecode.swift; path = HomeView.swift; sourceTree = "<group>"; };
		A10000000000000000000014 = {isa = PBXFileReference; lastKnownFileType = sourcecode.swift; path = DetailView.swift; sourceTree = "<group>"; };
		A10000000000000000000015 = {isa = PBXFileReference; lastKnownFileType = sourcecode.swift; path = AskView.swift; sourceTree = "<group>"; };
		A10000000000000000000016 = {isa = PBXFileReference; lastKnownFileType = sourcecode.swift; path = MarkdownView.swift; sourceTree = "<group>"; };
		A10000000000000000000017 = {isa = PBXFileReference; lastKnownFileType = sourcecode.swift; path = AboutView.swift; sourceTree = "<group>"; };
		A10000000000000000000018 = {isa = PBXFileReference; lastKnownFileType = folder.assetcatalog; path = Assets.xcassets; sourceTree = "<group>"; };
		A10000000000000000000019 = {isa = PBXFileReference; lastKnownFileType = image.gif; path = opening_character.gif; sourceTree = "<group>"; };
		A10000000000000000000020 = {isa = PBXFileReference; lastKnownFileType = sourcecode.swift; path = PagedFeedTests.swift; sourceTree = "<group>"; };
		A10000000000000000000021 = {isa = PBXFileReference; lastKnownFileType = sourcecode.swift; path = AskProtocolTests.swift; sourceTree = "<group>"; };
		A10000000000000000000022 = {isa = PBXFileReference; lastKnownFileType = sourcecode.swift; path = MarkdownParserTests.swift; sourceTree = "<group>"; };
		A10000000000000000000023 = {isa = PBXFileReference; lastKnownFileType = sourcecode.swift; path = TimeLabelTests.swift; sourceTree = "<group>"; };
		A10000000000000000000024 = {isa = PBXFileReference; lastKnownFileType = sourcecode.swift; path = AskControllerTests.swift; sourceTree = "<group>"; };
		A10000000000000000000025 = {isa = PBXFileReference; lastKnownFileType = sourcecode.swift; path = AccessibilityTraitsTests.swift; sourceTree = "<group>"; };
		A10000000000000000000026 = {isa = PBXFileReference; lastKnownFileType = sourcecode.swift; path = HomeRowTests.swift; sourceTree = "<group>"; };
		A10000000000000000000027 = {isa = PBXFileReference; lastKnownFileType = sourcecode.swift; path = ThumbnailDecoderTests.swift; sourceTree = "<group>"; };
		A50000000000000000000001 = {isa = PBXFileReference; explicitFileType = wrapper.application; includeInIndex = 0; path = ChenYuanSite.app; sourceTree = BUILT_PRODUCTS_DIR; };
		A50000000000000000000002 = {isa = PBXFileReference; explicitFileType = wrapper.cfbundle; includeInIndex = 0; path = ChenYuanSiteTests.xctest; sourceTree = BUILT_PRODUCTS_DIR; };
		A50000000000000000000003 = {isa = PBXFileReference; explicitFileType = wrapper.cfbundle; includeInIndex = 0; path = ChenYuanSiteUITests.xctest; sourceTree = BUILT_PRODUCTS_DIR; };
/* End PBXFileReference section */

/* Begin PBXGroup section */
		A30000000000000000000001 = {
			isa = PBXGroup;
			children = (A30000000000000000000002, A30000000000000000000009, A30000000000000000000011, A30000000000000000000010);
			sourceTree = "<group>";
		};
		A30000000000000000000002 = {
			isa = PBXGroup;
			children = (
				A10000000000000000000001,
				A10000000000000000000002,
				A30000000000000000000003,
				A30000000000000000000004,
				A10000000000000000000018,
				A10000000000000000000019,
			);
			path = ChenYuanSite;
			sourceTree = "<group>";
		};
		A30000000000000000000003 = {
			isa = PBXGroup;
			children = (
				A10000000000000000000003,
				A10000000000000000000004,
				A10000000000000000000005,
				A10000000000000000000006,
				A10000000000000000000007,
				A10000000000000000000008,
			);
			path = Data;
			sourceTree = "<group>";
		};
		A30000000000000000000004 = {
			isa = PBXGroup;
			children = (
				A10000000000000000000009,
				A10000000000000000000010,
				A10000000000000000000011,
				A10000000000000000000012,
				A30000000000000000000005,
				A30000000000000000000006,
				A30000000000000000000007,
				A30000000000000000000008,
			);
			path = UI;
			sourceTree = "<group>";
		};
		A30000000000000000000005 = {
			isa = PBXGroup;
			children = (A10000000000000000000013);
			path = Home;
			sourceTree = "<group>";
		};
		A30000000000000000000006 = {
			isa = PBXGroup;
			children = (A10000000000000000000014);
			path = Detail;
			sourceTree = "<group>";
		};
		A30000000000000000000007 = {
			isa = PBXGroup;
			children = (A10000000000000000000015, A10000000000000000000016);
			path = Ask;
			sourceTree = "<group>";
		};
		A30000000000000000000008 = {
			isa = PBXGroup;
			children = (A10000000000000000000017);
			path = About;
			sourceTree = "<group>";
		};
		A30000000000000000000009 = {
			isa = PBXGroup;
			children = (
				A10000000000000000000020,
				A10000000000000000000021,
				A10000000000000000000022,
				A10000000000000000000023,
				A10000000000000000000024,
				A10000000000000000000026,
				A10000000000000000000027,
			);
			path = ChenYuanSiteTests;
			sourceTree = "<group>";
		};
		A30000000000000000000010 = {
			isa = PBXGroup;
			children = (A50000000000000000000001, A50000000000000000000002, A50000000000000000000003);
			name = Products;
			sourceTree = "<group>";
		};
		A30000000000000000000011 = {
			isa = PBXGroup;
			children = (A10000000000000000000025);
			path = ChenYuanSiteUITests;
			sourceTree = "<group>";
		};
/* End PBXGroup section */

/* Begin PBXNativeTarget section */
		A40000000000000000000011 = {
			isa = PBXNativeTarget;
			buildConfigurationList = A40000000000000000000021;
			buildPhases = (
				A40000000000000000000001,
				A40000000000000000000002,
				A40000000000000000000003,
			);
			buildRules = ();
			dependencies = ();
			name = ChenYuanSite;
			productName = ChenYuanSite;
			productReference = A50000000000000000000001;
			productType = "com.apple.product-type.application";
		};
		A40000000000000000000012 = {
			isa = PBXNativeTarget;
			buildConfigurationList = A40000000000000000000022;
			buildPhases = (
				A40000000000000000000004,
				A40000000000000000000005,
			);
			buildRules = ();
			dependencies = (A50000000000000000000012);
			name = ChenYuanSiteTests;
			productName = ChenYuanSiteTests;
			productReference = A50000000000000000000002;
			productType = "com.apple.product-type.bundle.unit-test";
		};
		A40000000000000000000013 = {
			isa = PBXNativeTarget;
			buildConfigurationList = A40000000000000000000024;
			buildPhases = (
				A40000000000000000000006,
				A40000000000000000000007,
			);
			buildRules = ();
			dependencies = (A50000000000000000000013);
			name = ChenYuanSiteUITests;
			productName = ChenYuanSiteUITests;
			productReference = A50000000000000000000003;
			productType = "com.apple.product-type.bundle.ui-testing";
		};
/* End PBXNativeTarget section */

/* Begin PBXProject section */
		A40000000000000000000041 = {
			isa = PBXProject;
			attributes = {
				BuildIndependentTargetsInParallel = 1;
				LastSwiftUpdateCheck = 2700;
				LastUpgradeCheck = 2700;
				TargetAttributes = {
					A40000000000000000000011 = {CreatedOnToolsVersion = 27.0;};
					A40000000000000000000012 = {CreatedOnToolsVersion = 27.0; TestTargetID = A40000000000000000000011;};
					A40000000000000000000013 = {CreatedOnToolsVersion = 27.0; TestTargetID = A40000000000000000000011;};
				};
			};
			buildConfigurationList = A40000000000000000000023;
			developmentRegion = "zh-Hans";
			hasScannedForEncodings = 0;
			knownRegions = (en, Base, "zh-Hans");
			mainGroup = A30000000000000000000001;
			productRefGroup = A30000000000000000000010;
			projectDirPath = "";
			projectRoot = "";
			targets = (A40000000000000000000011, A40000000000000000000012, A40000000000000000000013);
		};
/* End PBXProject section */

/* Begin PBXResourcesBuildPhase section */
		A40000000000000000000003 = {
			isa = PBXResourcesBuildPhase;
			buildActionMask = 2147483647;
			files = (A20000000000000000000018, A20000000000000000000019);
			runOnlyForDeploymentPostprocessing = 0;
		};
/* End PBXResourcesBuildPhase section */

/* Begin PBXSourcesBuildPhase section */
		A40000000000000000000001 = {
			isa = PBXSourcesBuildPhase;
			buildActionMask = 2147483647;
			files = (
				A20000000000000000000001,
				A20000000000000000000002,
				A20000000000000000000003,
				A20000000000000000000004,
				A20000000000000000000005,
				A20000000000000000000006,
				A20000000000000000000007,
				A20000000000000000000008,
				A20000000000000000000009,
				A20000000000000000000010,
				A20000000000000000000011,
				A20000000000000000000012,
				A20000000000000000000013,
				A20000000000000000000014,
				A20000000000000000000015,
				A20000000000000000000016,
				A20000000000000000000017,
			);
			runOnlyForDeploymentPostprocessing = 0;
		};
		A40000000000000000000004 = {
			isa = PBXSourcesBuildPhase;
			buildActionMask = 2147483647;
			files = (
				A20000000000000000000020,
				A20000000000000000000021,
				A20000000000000000000022,
				A20000000000000000000023,
				A20000000000000000000024,
				A20000000000000000000026,
				A20000000000000000000027,
			);
			runOnlyForDeploymentPostprocessing = 0;
		};
		A40000000000000000000006 = {
			isa = PBXSourcesBuildPhase;
			buildActionMask = 2147483647;
			files = (A20000000000000000000025);
			runOnlyForDeploymentPostprocessing = 0;
		};
/* End PBXSourcesBuildPhase section */

/* Begin PBXFrameworksBuildPhase section */
		A40000000000000000000002 = {
			isa = PBXFrameworksBuildPhase;
			buildActionMask = 2147483647;
			files = ();
			runOnlyForDeploymentPostprocessing = 0;
		};
		A40000000000000000000005 = {
			isa = PBXFrameworksBuildPhase;
			buildActionMask = 2147483647;
			files = ();
			runOnlyForDeploymentPostprocessing = 0;
		};
		A40000000000000000000007 = {
			isa = PBXFrameworksBuildPhase;
			buildActionMask = 2147483647;
			files = ();
			runOnlyForDeploymentPostprocessing = 0;
		};
/* End PBXFrameworksBuildPhase section */

/* Begin XCBuildConfiguration section */
		A40000000000000000000031 = {
			isa = XCBuildConfiguration;
			buildSettings = {
				ASSETCATALOG_COMPILER_APPICON_NAME = AppIcon;
				CODE_SIGN_STYLE = Automatic;
				CURRENT_PROJECT_VERSION = 1;
				DEVELOPMENT_TEAM = "";
				ENABLE_PREVIEWS = YES;
				GENERATE_INFOPLIST_FILE = YES;
				INFOPLIST_KEY_CFBundleDisplayName = "陈远小站";
				INFOPLIST_KEY_UIApplicationSceneManifest_Generation = YES;
				INFOPLIST_KEY_UIApplicationSupportsIndirectInputEvents = YES;
				INFOPLIST_KEY_UILaunchScreen_Generation = YES;
				INFOPLIST_KEY_UISupportedInterfaceOrientations_iPad = "UIInterfaceOrientationPortrait UIInterfaceOrientationPortraitUpsideDown UIInterfaceOrientationLandscapeLeft UIInterfaceOrientationLandscapeRight";
				INFOPLIST_KEY_UISupportedInterfaceOrientations_iPhone = "UIInterfaceOrientationPortrait UIInterfaceOrientationLandscapeLeft UIInterfaceOrientationLandscapeRight";
				IPHONEOS_DEPLOYMENT_TARGET = 26.0;
				MARKETING_VERSION = 1.0;
				PRODUCT_BUNDLE_IDENTIFIER = cn.lovemyrmb.personalsite;
				PRODUCT_NAME = "$(TARGET_NAME)";
				SWIFT_APPROACHABLE_CONCURRENCY = YES;
				SWIFT_DEFAULT_ACTOR_ISOLATION = MainActor;
				SWIFT_VERSION = 6.0;
				TARGETED_DEVICE_FAMILY = "1,2";
			};
			name = Debug;
		};
		A40000000000000000000032 = {
			isa = XCBuildConfiguration;
			buildSettings = {
				ASSETCATALOG_COMPILER_APPICON_NAME = AppIcon;
				CODE_SIGN_STYLE = Automatic;
				CURRENT_PROJECT_VERSION = 1;
				DEVELOPMENT_TEAM = "";
				ENABLE_PREVIEWS = YES;
				GENERATE_INFOPLIST_FILE = YES;
				INFOPLIST_KEY_CFBundleDisplayName = "陈远小站";
				INFOPLIST_KEY_UIApplicationSceneManifest_Generation = YES;
				INFOPLIST_KEY_UIApplicationSupportsIndirectInputEvents = YES;
				INFOPLIST_KEY_UILaunchScreen_Generation = YES;
				INFOPLIST_KEY_UISupportedInterfaceOrientations_iPad = "UIInterfaceOrientationPortrait UIInterfaceOrientationPortraitUpsideDown UIInterfaceOrientationLandscapeLeft UIInterfaceOrientationLandscapeRight";
				INFOPLIST_KEY_UISupportedInterfaceOrientations_iPhone = "UIInterfaceOrientationPortrait UIInterfaceOrientationLandscapeLeft UIInterfaceOrientationLandscapeRight";
				IPHONEOS_DEPLOYMENT_TARGET = 26.0;
				MARKETING_VERSION = 1.0;
				PRODUCT_BUNDLE_IDENTIFIER = cn.lovemyrmb.personalsite;
				PRODUCT_NAME = "$(TARGET_NAME)";
				SWIFT_APPROACHABLE_CONCURRENCY = YES;
				SWIFT_DEFAULT_ACTOR_ISOLATION = MainActor;
				SWIFT_VERSION = 6.0;
				TARGETED_DEVICE_FAMILY = "1,2";
			};
			name = Release;
		};
		A40000000000000000000033 = {
			isa = XCBuildConfiguration;
			buildSettings = {
				BUNDLE_LOADER = "$(TEST_HOST)";
				CODE_SIGN_STYLE = Automatic;
				CURRENT_PROJECT_VERSION = 1;
				GENERATE_INFOPLIST_FILE = YES;
				IPHONEOS_DEPLOYMENT_TARGET = 26.0;
				MARKETING_VERSION = 1.0;
				PRODUCT_BUNDLE_IDENTIFIER = cn.lovemyrmb.personalsite.tests;
				PRODUCT_NAME = "$(TARGET_NAME)";
				SWIFT_APPROACHABLE_CONCURRENCY = YES;
				SWIFT_DEFAULT_ACTOR_ISOLATION = MainActor;
				SWIFT_VERSION = 6.0;
				TARGETED_DEVICE_FAMILY = "1,2";
				TEST_HOST = "$(BUILT_PRODUCTS_DIR)/ChenYuanSite.app/$(BUNDLE_EXECUTABLE_FOLDER_PATH)/ChenYuanSite";
			};
			name = Debug;
		};
		A40000000000000000000034 = {
			isa = XCBuildConfiguration;
			buildSettings = {
				BUNDLE_LOADER = "$(TEST_HOST)";
				CODE_SIGN_STYLE = Automatic;
				CURRENT_PROJECT_VERSION = 1;
				GENERATE_INFOPLIST_FILE = YES;
				IPHONEOS_DEPLOYMENT_TARGET = 26.0;
				MARKETING_VERSION = 1.0;
				PRODUCT_BUNDLE_IDENTIFIER = cn.lovemyrmb.personalsite.tests;
				PRODUCT_NAME = "$(TARGET_NAME)";
				SWIFT_APPROACHABLE_CONCURRENCY = YES;
				SWIFT_DEFAULT_ACTOR_ISOLATION = MainActor;
				SWIFT_VERSION = 6.0;
				TARGETED_DEVICE_FAMILY = "1,2";
				TEST_HOST = "$(BUILT_PRODUCTS_DIR)/ChenYuanSite.app/$(BUNDLE_EXECUTABLE_FOLDER_PATH)/ChenYuanSite";
			};
			name = Release;
		};
		A40000000000000000000037 = {
			isa = XCBuildConfiguration;
			buildSettings = {
				CODE_SIGN_STYLE = Automatic;
				CURRENT_PROJECT_VERSION = 1;
				GENERATE_INFOPLIST_FILE = YES;
				IPHONEOS_DEPLOYMENT_TARGET = 26.0;
				MARKETING_VERSION = 1.0;
				PRODUCT_BUNDLE_IDENTIFIER = cn.lovemyrmb.personalsite.UITests;
				PRODUCT_NAME = "$(TARGET_NAME)";
				SWIFT_APPROACHABLE_CONCURRENCY = YES;
				SWIFT_DEFAULT_ACTOR_ISOLATION = MainActor;
				SWIFT_EMIT_LOC_STRINGS = NO;
				SWIFT_VERSION = 6.0;
				TARGETED_DEVICE_FAMILY = "1,2";
				TEST_TARGET_NAME = ChenYuanSite;
			};
			name = Debug;
		};
		A40000000000000000000038 = {
			isa = XCBuildConfiguration;
			buildSettings = {
				CODE_SIGN_STYLE = Automatic;
				CURRENT_PROJECT_VERSION = 1;
				GENERATE_INFOPLIST_FILE = YES;
				IPHONEOS_DEPLOYMENT_TARGET = 26.0;
				MARKETING_VERSION = 1.0;
				PRODUCT_BUNDLE_IDENTIFIER = cn.lovemyrmb.personalsite.UITests;
				PRODUCT_NAME = "$(TARGET_NAME)";
				SWIFT_APPROACHABLE_CONCURRENCY = YES;
				SWIFT_DEFAULT_ACTOR_ISOLATION = MainActor;
				SWIFT_EMIT_LOC_STRINGS = NO;
				SWIFT_VERSION = 6.0;
				TARGETED_DEVICE_FAMILY = "1,2";
				TEST_TARGET_NAME = ChenYuanSite;
			};
			name = Release;
		};
		A40000000000000000000035 = {
			isa = XCBuildConfiguration;
			buildSettings = {
				ALWAYS_SEARCH_USER_PATHS = NO;
				CLANG_ENABLE_MODULES = YES;
				CLANG_ENABLE_OBJC_ARC = YES;
				CLANG_WARN_BLOCK_CAPTURE_AUTORELEASING = YES;
				CLANG_WARN_BOOL_CONVERSION = YES;
				CLANG_WARN_COMMA = YES;
				CLANG_WARN_CONSTANT_CONVERSION = YES;
				CLANG_WARN_DEPRECATED_OBJC_IMPLEMENTATIONS = YES;
				CLANG_WARN_DIRECT_OBJC_ISA_USAGE = YES_ERROR;
				CLANG_WARN_DOCUMENTATION_COMMENTS = YES;
				CLANG_WARN_EMPTY_BODY = YES;
				CLANG_WARN_ENUM_CONVERSION = YES;
				CLANG_WARN_INFINITE_RECURSION = YES;
				CLANG_WARN_INT_CONVERSION = YES;
				CLANG_WARN_NON_LITERAL_NULL_CONVERSION = YES;
				CLANG_WARN_OBJC_IMPLICIT_RETAIN_SELF = YES;
				CLANG_WARN_OBJC_LITERAL_CONVERSION = YES;
				CLANG_WARN_OBJC_ROOT_CLASS = YES_ERROR;
				CLANG_WARN_QUOTED_INCLUDE_IN_FRAMEWORK_HEADER = YES;
				CLANG_WARN_RANGE_LOOP_ANALYSIS = YES;
				CLANG_WARN_STRICT_PROTOTYPES = YES;
				CLANG_WARN_SUSPICIOUS_MOVE = YES;
				CLANG_WARN_UNGUARDED_AVAILABILITY = YES_AGGRESSIVE;
				CLANG_WARN_UNREACHABLE_CODE = YES;
				COPY_PHASE_STRIP = NO;
				DEBUG_INFORMATION_FORMAT = dwarf;
				ENABLE_STRICT_OBJC_MSGSEND = YES;
				ENABLE_TESTABILITY = YES;
				ENABLE_USER_SCRIPT_SANDBOXING = YES;
				GCC_C_LANGUAGE_STANDARD = gnu17;
				GCC_DYNAMIC_NO_PIC = NO;
				GCC_NO_COMMON_BLOCKS = YES;
				GCC_OPTIMIZATION_LEVEL = 0;
				GCC_PREPROCESSOR_DEFINITIONS = ("DEBUG=1", "$(inherited)");
				GCC_WARN_64_TO_32_BIT_CONVERSION = YES;
				GCC_WARN_ABOUT_RETURN_TYPE = YES_ERROR;
				GCC_WARN_UNDECLARED_SELECTOR = YES;
				GCC_WARN_UNINITIALIZED_AUTOS = YES_AGGRESSIVE;
				GCC_WARN_UNUSED_FUNCTION = YES;
				GCC_WARN_UNUSED_VARIABLE = YES;
				IPHONEOS_DEPLOYMENT_TARGET = 26.0;
				LOCALIZATION_PREFERS_STRING_CATALOGS = YES;
				MTL_ENABLE_DEBUG_INFO = INCLUDE_SOURCE;
				MTL_FAST_MATH = YES;
				ONLY_ACTIVE_ARCH = YES;
				SDKROOT = iphoneos;
				SWIFT_ACTIVE_COMPILATION_CONDITIONS = "DEBUG $(inherited)";
				SWIFT_OPTIMIZATION_LEVEL = "-Onone";
			};
			name = Debug;
		};
		A40000000000000000000036 = {
			isa = XCBuildConfiguration;
			buildSettings = {
				ALWAYS_SEARCH_USER_PATHS = NO;
				CLANG_ENABLE_MODULES = YES;
				CLANG_ENABLE_OBJC_ARC = YES;
				CLANG_WARN_BLOCK_CAPTURE_AUTORELEASING = YES;
				CLANG_WARN_BOOL_CONVERSION = YES;
				CLANG_WARN_COMMA = YES;
				CLANG_WARN_CONSTANT_CONVERSION = YES;
				CLANG_WARN_DEPRECATED_OBJC_IMPLEMENTATIONS = YES;
				CLANG_WARN_DIRECT_OBJC_ISA_USAGE = YES_ERROR;
				CLANG_WARN_DOCUMENTATION_COMMENTS = YES;
				CLANG_WARN_EMPTY_BODY = YES;
				CLANG_WARN_ENUM_CONVERSION = YES;
				CLANG_WARN_INFINITE_RECURSION = YES;
				CLANG_WARN_INT_CONVERSION = YES;
				CLANG_WARN_NON_LITERAL_NULL_CONVERSION = YES;
				CLANG_WARN_OBJC_IMPLICIT_RETAIN_SELF = YES;
				CLANG_WARN_OBJC_LITERAL_CONVERSION = YES;
				CLANG_WARN_OBJC_ROOT_CLASS = YES_ERROR;
				CLANG_WARN_QUOTED_INCLUDE_IN_FRAMEWORK_HEADER = YES;
				CLANG_WARN_RANGE_LOOP_ANALYSIS = YES;
				CLANG_WARN_STRICT_PROTOTYPES = YES;
				CLANG_WARN_SUSPICIOUS_MOVE = YES;
				CLANG_WARN_UNGUARDED_AVAILABILITY = YES_AGGRESSIVE;
				CLANG_WARN_UNREACHABLE_CODE = YES;
				COPY_PHASE_STRIP = NO;
				DEBUG_INFORMATION_FORMAT = "dwarf-with-dsym";
				ENABLE_NS_ASSERTIONS = NO;
				ENABLE_USER_SCRIPT_SANDBOXING = YES;
				GCC_C_LANGUAGE_STANDARD = gnu17;
				GCC_NO_COMMON_BLOCKS = YES;
				GCC_WARN_64_TO_32_BIT_CONVERSION = YES;
				GCC_WARN_ABOUT_RETURN_TYPE = YES_ERROR;
				GCC_WARN_UNDECLARED_SELECTOR = YES;
				GCC_WARN_UNINITIALIZED_AUTOS = YES_AGGRESSIVE;
				GCC_WARN_UNUSED_FUNCTION = YES;
				GCC_WARN_UNUSED_VARIABLE = YES;
				IPHONEOS_DEPLOYMENT_TARGET = 26.0;
				LOCALIZATION_PREFERS_STRING_CATALOGS = YES;
				MTL_ENABLE_DEBUG_INFO = NO;
				MTL_FAST_MATH = YES;
				SDKROOT = iphoneos;
				SWIFT_COMPILATION_MODE = wholemodule;
				VALIDATE_PRODUCT = YES;
			};
			name = Release;
		};
/* End XCBuildConfiguration section */

/* Begin XCConfigurationList section */
		A40000000000000000000021 = {
			isa = XCConfigurationList;
			buildConfigurations = (A40000000000000000000031, A40000000000000000000032);
			defaultConfigurationIsVisible = 0;
			defaultConfigurationName = Debug;
		};
		A40000000000000000000022 = {
			isa = XCConfigurationList;
			buildConfigurations = (A40000000000000000000033, A40000000000000000000034);
			defaultConfigurationIsVisible = 0;
			defaultConfigurationName = Debug;
		};
		A40000000000000000000023 = {
			isa = XCConfigurationList;
			buildConfigurations = (A40000000000000000000035, A40000000000000000000036);
			defaultConfigurationIsVisible = 0;
			defaultConfigurationName = Debug;
		};
		A40000000000000000000024 = {
			isa = XCConfigurationList;
			buildConfigurations = (A40000000000000000000037, A40000000000000000000038);
			defaultConfigurationIsVisible = 0;
			defaultConfigurationName = Debug;
		};
/* End XCConfigurationList section */
	};
	rootObject = A40000000000000000000041;
}
